
Microsoft Visual Studio Solution File, Format Version 12.00
# Visual Studio Version 16
VisualStudioVersion = 25.0.1700.0
MinimumVisualStudioVersion = 10.0.40219.1
Project("{FAE04EC0-301F-11D3-BF4B-00C04F79EFBC}") = "BeerStore", "BeerStore\BeerStore.csproj", "{90BA6462-06F0-435F-BD55-A250F173CEAD}"
EndProject
Global
	GlobalSection(SolutionConfigurationPlatforms) = preSolution
		Debug|Any CPU = Debug|Any CPU
		Release|Any CPU = Release|Any CPU
	EndGlobalSection
	GlobalSection(ProjectConfigurationPlatforms) = postSolution
		{90BA6462-06F0-435F-BD55-A250F173CEAD}.Debug|Any CPU.ActiveCfg = Debug|Any CPU
		{90BA6462-06F0-435F-BD55-A250F173CEAD}.Debug|Any CPU.Build.0 = Debug|Any CPU
		{90BA6462-06F0-435F-BD55-A250F173CEAD}.Release|Any CPU.ActiveCfg = Release|Any CPU
		{90BA6462-06F0-435F-BD55-A250F173CEAD}.Release|Any CPU.Build.0 = Release|Any CPU
	EndGlobalSection
	GlobalSection(SolutionProperties) = preSolution
		HideSolutionNode = FALSE
	EndGlobalSection
	GlobalSection(ExtensibilityGlobals) = postSolution
		SolutionGuid = {72CBD4D0-88F2-4FC3-A94C-623BB2AC5BD7}
	EndGlobalSection
EndGlobal
